
Microsoft Visual Studio Solution File, Format Version 12.00
# Visual Studio Version 16
VisualStudioVersion = 16.0.29613.14
MinimumVisualStudioVersion = 10.0.40219.1
Project("{FAE04EC0-301F-11D3-BF4B-00C04F79EFBC}") = "homework3lessons", "homework3lessons\homework3lessons.csproj", "{8F16036F-031C-497B-8039-11A1BF60E09F}"
EndProject
Global
	GlobalSection(SolutionConfigurationPlatforms) = preSolution
		Debug|Any CPU = Debug|Any CPU
		Release|Any CPU = Release|Any CPU
	EndGlobalSection
	GlobalSection(ProjectConfigurationPlatforms) = postSolution
		{8F16036F-031C-497B-8039-11A1BF60E09F}.Debug|Any CPU.ActiveCfg = Debug|Any CPU
		{8F16036F-031C-497B-8039-11A1BF60E09F}.Debug|Any CPU.Build.0 = Debug|Any CPU
		{8F16036F-031C-497B-8039-11A1BF60E09F}.Release|Any CPU.ActiveCfg = Release|Any CPU
		{8F16036F-031C-497B-8039-11A1BF60E09F}.Release|Any CPU.Build.0 = Release|Any CPU
	EndGlobalSection
	GlobalSection(SolutionProperties) = preSolution
		HideSolutionNode = FALSE
	EndGlobalSection
	GlobalSection(ExtensibilityGlobals) = postSolution
		SolutionGuid = {9AAA01DC-12CB-4E28-B18B-BCD88A4CD510}
	EndGlobalSection
EndGlobal
