
Microsoft Visual Studio Solution File, Format Version 12.00
# Blend for Visual Studio Version 16
VisualStudioVersion = 16.0.29613.14
MinimumVisualStudioVersion = 10.0.40219.1
Project("{FAE04EC0-301F-11D3-BF4B-00C04F79EFBC}") = "first", "first\first.csproj", "{1E35A588-87B4-4317-A005-7BCAEFECB544}"
EndProject
Global
	GlobalSection(SolutionConfigurationPlatforms) = preSolution
		Debug|Any CPU = Debug|Any CPU
		Release|Any CPU = Release|Any CPU
	EndGlobalSection
	GlobalSection(ProjectConfigurationPlatforms) = postSolution
		{1E35A588-87B4-4317-A005-7BCAEFECB544}.Debug|Any CPU.ActiveCfg = Debug|Any CPU
		{1E35A588-87B4-4317-A005-7BCAEFECB544}.Debug|Any CPU.Build.0 = Debug|Any CPU
		{1E35A588-87B4-4317-A005-7BCAEFECB544}.Release|Any CPU.ActiveCfg = Release|Any CPU
		{1E35A588-87B4-4317-A005-7BCAEFECB544}.Release|Any CPU.Build.0 = Release|Any CPU
	EndGlobalSection
	GlobalSection(SolutionProperties) = preSolution
		HideSolutionNode = FALSE
	EndGlobalSection
	GlobalSection(ExtensibilityGlobals) = postSolution
		SolutionGuid = {0C2964E2-AB88-4597-9A99-651B4CE75D81}
	EndGlobalSection
EndGlobal
