
Microsoft Visual Studio Solution File, Format Version 12.00
# Visual Studio Version 16
VisualStudioVersion = 16.0.29613.14
MinimumVisualStudioVersion = 10.0.40219.1
Project("{FAE04EC0-301F-11D3-BF4B-00C04F79EFBC}") = "students", "students\students.csproj", "{B1B8F3D8-D155-469D-A464-80A418815146}"
EndProject
Global
	GlobalSection(SolutionConfigurationPlatforms) = preSolution
		Debug|Any CPU = Debug|Any CPU
		Release|Any CPU = Release|Any CPU
	EndGlobalSection
	GlobalSection(ProjectConfigurationPlatforms) = postSolution
		{B1B8F3D8-D155-469D-A464-80A418815146}.Debug|Any CPU.ActiveCfg = Debug|Any CPU
		{B1B8F3D8-D155-469D-A464-80A418815146}.Debug|Any CPU.Build.0 = Debug|Any CPU
		{B1B8F3D8-D155-469D-A464-80A418815146}.Release|Any CPU.ActiveCfg = Release|Any CPU
		{B1B8F3D8-D155-469D-A464-80A418815146}.Release|Any CPU.Build.0 = Release|Any CPU
	EndGlobalSection
	GlobalSection(SolutionProperties) = preSolution
		HideSolutionNode = FALSE
	EndGlobalSection
	GlobalSection(ExtensibilityGlobals) = postSolution
		SolutionGuid = {CBE3D73C-7E71-4F1A-9B97-5556EE464532}
	EndGlobalSection
EndGlobal
