
Microsoft Visual Studio Solution File, Format Version 12.00
# Visual Studio Version 16
VisualStudioVersion = 16.0.29519.181
MinimumVisualStudioVersion = 10.0.40219.1
Project("{8BC9CEB8-8B4A-11D0-8D11-00A0C91BC942}") = "printstar", "printstar\printstar.vcxproj", "{95FB5EE5-4542-4FE7-8C7C-0C83BBE63F76}"
EndProject
Global
	GlobalSection(SolutionConfigurationPlatforms) = preSolution
		Debug|x64 = Debug|x64
		Debug|x86 = Debug|x86
		Release|x64 = Release|x64
		Release|x86 = Release|x86
	EndGlobalSection
	GlobalSection(ProjectConfigurationPlatforms) = postSolution
		{95FB5EE5-4542-4FE7-8C7C-0C83BBE63F76}.Debug|x64.ActiveCfg = Debug|x64
		{95FB5EE5-4542-4FE7-8C7C-0C83BBE63F76}.Debug|x64.Build.0 = Debug|x64
		{95FB5EE5-4542-4FE7-8C7C-0C83BBE63F76}.Debug|x86.ActiveCfg = Debug|Win32
		{95FB5EE5-4542-4FE7-8C7C-0C83BBE63F76}.Debug|x86.Build.0 = Debug|Win32
		{95FB5EE5-4542-4FE7-8C7C-0C83BBE63F76}.Release|x64.ActiveCfg = Release|x64
		{95FB5EE5-4542-4FE7-8C7C-0C83BBE63F76}.Release|x64.Build.0 = Release|x64
		{95FB5EE5-4542-4FE7-8C7C-0C83BBE63F76}.Release|x86.ActiveCfg = Release|Win32
		{95FB5EE5-4542-4FE7-8C7C-0C83BBE63F76}.Release|x86.Build.0 = Release|Win32
	EndGlobalSection
	GlobalSection(SolutionProperties) = preSolution
		HideSolutionNode = FALSE
	EndGlobalSection
	GlobalSection(ExtensibilityGlobals) = postSolution
		SolutionGuid = {C539BAE5-AAE3-4D5A-9885-301DE5FCA959}
	EndGlobalSection
EndGlobal
