
Microsoft Visual Studio Solution File, Format Version 12.00
# Visual Studio Version 16
VisualStudioVersion = 16.0.30621.155
MinimumVisualStudioVersion = 10.0.40219.1
Project("{FAE04EC0-301F-11D3-BF4B-00C04F79EFBC}") = "Project One", "Project One.csproj", "{BBFCB10E-3189-4045-A0ED-3B9C445F0B9B}"
EndProject
Global
	GlobalSection(SolutionConfigurationPlatforms) = preSolution
		Debug|Any CPU = Debug|Any CPU
		Release|Any CPU = Release|Any CPU
	EndGlobalSection
	GlobalSection(ProjectConfigurationPlatforms) = postSolution
		{BBFCB10E-3189-4045-A0ED-3B9C445F0B9B}.Debug|Any CPU.ActiveCfg = Debug|Any CPU
		{BBFCB10E-3189-4045-A0ED-3B9C445F0B9B}.Debug|Any CPU.Build.0 = Debug|Any CPU
		{BBFCB10E-3189-4045-A0ED-3B9C445F0B9B}.Release|Any CPU.ActiveCfg = Release|Any CPU
		{BBFCB10E-3189-4045-A0ED-3B9C445F0B9B}.Release|Any CPU.Build.0 = Release|Any CPU
	EndGlobalSection
	GlobalSection(SolutionProperties) = preSolution
		HideSolutionNode = FALSE
	EndGlobalSection
	GlobalSection(ExtensibilityGlobals) = postSolution
		SolutionGuid = {72095367-D67D-4BF1-8D5C-C634DF49BD8C}
	EndGlobalSection
EndGlobal
