
Microsoft Visual Studio Solution File, Format Version 12.00
# Visual Studio Version 16
VisualStudioVersion = 16.0.30320.27
MinimumVisualStudioVersion = 10.0.40219.1
Project("{FAE04EC0-301F-11D3-BF4B-00C04F79EFBC}") = "AkKH", "AkKH.csproj", "{3165F47E-BF4D-485B-9A0F-564FDA873F49}"
EndProject
Global
	GlobalSection(SolutionConfigurationPlatforms) = preSolution
		Debug|Any CPU = Debug|Any CPU
		Release|Any CPU = Release|Any CPU
	EndGlobalSection
	GlobalSection(ProjectConfigurationPlatforms) = postSolution
		{3165F47E-BF4D-485B-9A0F-564FDA873F49}.Debug|Any CPU.ActiveCfg = Debug|Any CPU
		{3165F47E-BF4D-485B-9A0F-564FDA873F49}.Debug|Any CPU.Build.0 = Debug|Any CPU
		{3165F47E-BF4D-485B-9A0F-564FDA873F49}.Release|Any CPU.ActiveCfg = Release|Any CPU
		{3165F47E-BF4D-485B-9A0F-564FDA873F49}.Release|Any CPU.Build.0 = Release|Any CPU
	EndGlobalSection
	GlobalSection(SolutionProperties) = preSolution
		HideSolutionNode = FALSE
	EndGlobalSection
	GlobalSection(ExtensibilityGlobals) = postSolution
		SolutionGuid = {CE83D9C1-3657-4F83-BD36-93EDBBAFF36D}
	EndGlobalSection
EndGlobal
