
Microsoft Visual Studio Solution File, Format Version 12.00
# Visual Studio Version 16
VisualStudioVersion = 16.0.29519.181
MinimumVisualStudioVersion = 10.0.40219.1
Project("{8BC9CEB8-8B4A-11D0-8D11-00A0C91BC942}") = "han zaw", "han zaw\han zaw.vcxproj", "{C57BC8ED-B181-47FB-84EC-6F5F45C76A25}"
EndProject
Global
	GlobalSection(SolutionConfigurationPlatforms) = preSolution
		Debug|x64 = Debug|x64
		Debug|x86 = Debug|x86
		Release|x64 = Release|x64
		Release|x86 = Release|x86
	EndGlobalSection
	GlobalSection(ProjectConfigurationPlatforms) = postSolution
		{C57BC8ED-B181-47FB-84EC-6F5F45C76A25}.Debug|x64.ActiveCfg = Debug|x64
		{C57BC8ED-B181-47FB-84EC-6F5F45C76A25}.Debug|x64.Build.0 = Debug|x64
		{C57BC8ED-B181-47FB-84EC-6F5F45C76A25}.Debug|x86.ActiveCfg = Debug|Win32
		{C57BC8ED-B181-47FB-84EC-6F5F45C76A25}.Debug|x86.Build.0 = Debug|Win32
		{C57BC8ED-B181-47FB-84EC-6F5F45C76A25}.Release|x64.ActiveCfg = Release|x64
		{C57BC8ED-B181-47FB-84EC-6F5F45C76A25}.Release|x64.Build.0 = Release|x64
		{C57BC8ED-B181-47FB-84EC-6F5F45C76A25}.Release|x86.ActiveCfg = Release|Win32
		{C57BC8ED-B181-47FB-84EC-6F5F45C76A25}.Release|x86.Build.0 = Release|Win32
	EndGlobalSection
	GlobalSection(SolutionProperties) = preSolution
		HideSolutionNode = FALSE
	EndGlobalSection
	GlobalSection(ExtensibilityGlobals) = postSolution
		SolutionGuid = {E2F465FB-CEF8-4064-8CED-495E6A6F109F}
	EndGlobalSection
EndGlobal
