
Microsoft Visual Studio Solution File, Format Version 12.00
# Visual Studio Version 16
VisualStudioVersion = 16.0.30204.135
MinimumVisualStudioVersion = 10.0.40219.1
Project("{FAE04EC0-301F-11D3-BF4B-00C04F79EFBC}") = "AppplicationLuncher", "AppplicationLuncher.csproj", "{31FE1402-DBAD-453F-9975-AD5B1C03DA09}"
EndProject
Global
	GlobalSection(SolutionConfigurationPlatforms) = preSolution
		Debug|Any CPU = Debug|Any CPU
		Release|Any CPU = Release|Any CPU
	EndGlobalSection
	GlobalSection(ProjectConfigurationPlatforms) = postSolution
		{31FE1402-DBAD-453F-9975-AD5B1C03DA09}.Debug|Any CPU.ActiveCfg = Debug|Any CPU
		{31FE1402-DBAD-453F-9975-AD5B1C03DA09}.Debug|Any CPU.Build.0 = Debug|Any CPU
		{31FE1402-DBAD-453F-9975-AD5B1C03DA09}.Release|Any CPU.ActiveCfg = Release|Any CPU
		{31FE1402-DBAD-453F-9975-AD5B1C03DA09}.Release|Any CPU.Build.0 = Release|Any CPU
	EndGlobalSection
	GlobalSection(SolutionProperties) = preSolution
		HideSolutionNode = FALSE
	EndGlobalSection
	GlobalSection(ExtensibilityGlobals) = postSolution
		SolutionGuid = {0F1EE15F-F606-433A-AF74-81CE26D3D09D}
	EndGlobalSection
EndGlobal
