
Microsoft Visual Studio Solution File, Format Version 12.00
# Visual Studio Version 16
VisualStudioVersion = 16.0.30225.117
MinimumVisualStudioVersion = 10.0.40219.1
Project("{8BC9CEB8-8B4A-11D0-8D11-00A0C91BC942}") = "HelloWorld00001", "HelloWorld00001.vcxproj", "{C82790BB-DBA6-4EF6-94F4-52F5C5095FAD}"
EndProject
Global
	GlobalSection(SolutionConfigurationPlatforms) = preSolution
		Debug|x64 = Debug|x64
		Debug|x86 = Debug|x86
		Release|x64 = Release|x64
		Release|x86 = Release|x86
	EndGlobalSection
	GlobalSection(ProjectConfigurationPlatforms) = postSolution
		{C82790BB-DBA6-4EF6-94F4-52F5C5095FAD}.Debug|x64.ActiveCfg = Debug|x64
		{C82790BB-DBA6-4EF6-94F4-52F5C5095FAD}.Debug|x64.Build.0 = Debug|x64
		{C82790BB-DBA6-4EF6-94F4-52F5C5095FAD}.Debug|x86.ActiveCfg = Debug|Win32
		{C82790BB-DBA6-4EF6-94F4-52F5C5095FAD}.Debug|x86.Build.0 = Debug|Win32
		{C82790BB-DBA6-4EF6-94F4-52F5C5095FAD}.Release|x64.ActiveCfg = Release|x64
		{C82790BB-DBA6-4EF6-94F4-52F5C5095FAD}.Release|x64.Build.0 = Release|x64
		{C82790BB-DBA6-4EF6-94F4-52F5C5095FAD}.Release|x86.ActiveCfg = Release|Win32
		{C82790BB-DBA6-4EF6-94F4-52F5C5095FAD}.Release|x86.Build.0 = Release|Win32
	EndGlobalSection
	GlobalSection(SolutionProperties) = preSolution
		HideSolutionNode = FALSE
	EndGlobalSection
	GlobalSection(ExtensibilityGlobals) = postSolution
		SolutionGuid = {4893A80C-8F8A-478B-8BDD-D1F898503295}
	EndGlobalSection
EndGlobal
