
Microsoft Visual Studio Solution File, Format Version 12.00
# Visual Studio Version 16
VisualStudioVersion = 16.0.30204.135
MinimumVisualStudioVersion = 10.0.40219.1
Project("{FAE04EC0-301F-11D3-BF4B-00C04F79EFBC}") = "POS-01", "POS-01.csproj", "{64E26BBC-A086-495B-817A-9CF84F480FCB}"
EndProject
Global
	GlobalSection(SolutionConfigurationPlatforms) = preSolution
		Debug|Any CPU = Debug|Any CPU
		Release|Any CPU = Release|Any CPU
	EndGlobalSection
	GlobalSection(ProjectConfigurationPlatforms) = postSolution
		{64E26BBC-A086-495B-817A-9CF84F480FCB}.Debug|Any CPU.ActiveCfg = Debug|Any CPU
		{64E26BBC-A086-495B-817A-9CF84F480FCB}.Debug|Any CPU.Build.0 = Debug|Any CPU
		{64E26BBC-A086-495B-817A-9CF84F480FCB}.Release|Any CPU.ActiveCfg = Release|Any CPU
		{64E26BBC-A086-495B-817A-9CF84F480FCB}.Release|Any CPU.Build.0 = Release|Any CPU
	EndGlobalSection
	GlobalSection(SolutionProperties) = preSolution
		HideSolutionNode = FALSE
	EndGlobalSection
	GlobalSection(ExtensibilityGlobals) = postSolution
		SolutionGuid = {4EC3ADBC-F26D-4BA5-B2D1-EB0F4AAEA25A}
	EndGlobalSection
EndGlobal
