
Microsoft Visual Studio Solution File, Format Version 12.00
# Visual Studio Version 16
VisualStudioVersion = 16.0.30413.136
MinimumVisualStudioVersion = 10.0.40219.1
Project("{FAE04EC0-301F-11D3-BF4B-00C04F79EFBC}") = "WindowsFormsApp1", "WindowsFormsApp1\WindowsFormsApp1.csproj", "{ECA72762-AE0E-4B57-A765-E0DEB53CA506}"
EndProject
Global
	GlobalSection(SolutionConfigurationPlatforms) = preSolution
		Debug|Any CPU = Debug|Any CPU
		Release|Any CPU = Release|Any CPU
	EndGlobalSection
	GlobalSection(ProjectConfigurationPlatforms) = postSolution
		{ECA72762-AE0E-4B57-A765-E0DEB53CA506}.Debug|Any CPU.ActiveCfg = Debug|Any CPU
		{ECA72762-AE0E-4B57-A765-E0DEB53CA506}.Debug|Any CPU.Build.0 = Debug|Any CPU
		{ECA72762-AE0E-4B57-A765-E0DEB53CA506}.Release|Any CPU.ActiveCfg = Release|Any CPU
		{ECA72762-AE0E-4B57-A765-E0DEB53CA506}.Release|Any CPU.Build.0 = Release|Any CPU
	EndGlobalSection
	GlobalSection(SolutionProperties) = preSolution
		HideSolutionNode = FALSE
	EndGlobalSection
	GlobalSection(ExtensibilityGlobals) = postSolution
		SolutionGuid = {E150D331-E606-48FF-8A54-7418BD1EE872}
	EndGlobalSection
EndGlobal
