
Microsoft Visual Studio Solution File, Format Version 12.00
# Visual Studio Version 16
VisualStudioVersion = 16.0.29911.84
MinimumVisualStudioVersion = 10.0.40219.1
Project("{FAE04EC0-301F-11D3-BF4B-00C04F79EFBC}") = "XmlCS", "XmlCS.csproj", "{FEFC1348-A55A-4A9A-B3D4-9E11A2566635}"
EndProject
Global
	GlobalSection(SolutionConfigurationPlatforms) = preSolution
		Debug|Any CPU = Debug|Any CPU
		Release|Any CPU = Release|Any CPU
	EndGlobalSection
	GlobalSection(ProjectConfigurationPlatforms) = postSolution
		{FEFC1348-A55A-4A9A-B3D4-9E11A2566635}.Debug|Any CPU.ActiveCfg = Debug|Any CPU
		{FEFC1348-A55A-4A9A-B3D4-9E11A2566635}.Debug|Any CPU.Build.0 = Debug|Any CPU
		{FEFC1348-A55A-4A9A-B3D4-9E11A2566635}.Release|Any CPU.ActiveCfg = Release|Any CPU
		{FEFC1348-A55A-4A9A-B3D4-9E11A2566635}.Release|Any CPU.Build.0 = Release|Any CPU
	EndGlobalSection
	GlobalSection(SolutionProperties) = preSolution
		HideSolutionNode = FALSE
	EndGlobalSection
	GlobalSection(ExtensibilityGlobals) = postSolution
		SolutionGuid = {5C48266A-7943-4705-86FF-FD433AAA9981}
	EndGlobalSection
EndGlobal
