
Microsoft Visual Studio Solution File, Format Version 12.00
# Visual Studio Version 16
VisualStudioVersion = 16.0.30320.27
MinimumVisualStudioVersion = 10.0.40219.1
Project("{FAE04EC0-301F-11D3-BF4B-00C04F79EFBC}") = "ArkarKyawHtut", "ArkarKyawHtut.csproj", "{C087EE3D-B057-42A2-9768-374720480BC2}"
EndProject
Global
	GlobalSection(SolutionConfigurationPlatforms) = preSolution
		Debug|Any CPU = Debug|Any CPU
		Release|Any CPU = Release|Any CPU
	EndGlobalSection
	GlobalSection(ProjectConfigurationPlatforms) = postSolution
		{C087EE3D-B057-42A2-9768-374720480BC2}.Debug|Any CPU.ActiveCfg = Debug|Any CPU
		{C087EE3D-B057-42A2-9768-374720480BC2}.Debug|Any CPU.Build.0 = Debug|Any CPU
		{C087EE3D-B057-42A2-9768-374720480BC2}.Release|Any CPU.ActiveCfg = Release|Any CPU
		{C087EE3D-B057-42A2-9768-374720480BC2}.Release|Any CPU.Build.0 = Release|Any CPU
	EndGlobalSection
	GlobalSection(SolutionProperties) = preSolution
		HideSolutionNode = FALSE
	EndGlobalSection
	GlobalSection(ExtensibilityGlobals) = postSolution
		SolutionGuid = {EB8D7776-1CB7-4FB2-B2FA-86138E7BC36B}
	EndGlobalSection
EndGlobal
