
Microsoft Visual Studio Solution File, Format Version 12.00
# Visual Studio Version 16
VisualStudioVersion = 16.0.30225.117
MinimumVisualStudioVersion = 10.0.40219.1
Project("{FAE04EC0-301F-11D3-BF4B-00C04F79EFBC}") = "Clock001", "Clock001.csproj", "{82F2D6F8-0A93-4AFC-995B-109FB2CDC035}"
EndProject
Global
	GlobalSection(SolutionConfigurationPlatforms) = preSolution
		Debug|Any CPU = Debug|Any CPU
		Release|Any CPU = Release|Any CPU
	EndGlobalSection
	GlobalSection(ProjectConfigurationPlatforms) = postSolution
		{82F2D6F8-0A93-4AFC-995B-109FB2CDC035}.Debug|Any CPU.ActiveCfg = Debug|Any CPU
		{82F2D6F8-0A93-4AFC-995B-109FB2CDC035}.Debug|Any CPU.Build.0 = Debug|Any CPU
		{82F2D6F8-0A93-4AFC-995B-109FB2CDC035}.Release|Any CPU.ActiveCfg = Release|Any CPU
		{82F2D6F8-0A93-4AFC-995B-109FB2CDC035}.Release|Any CPU.Build.0 = Release|Any CPU
	EndGlobalSection
	GlobalSection(SolutionProperties) = preSolution
		HideSolutionNode = FALSE
	EndGlobalSection
	GlobalSection(ExtensibilityGlobals) = postSolution
		SolutionGuid = {6EEF029C-D810-4A05-B165-9555D5AE03B0}
	EndGlobalSection
EndGlobal
