
Microsoft Visual Studio Solution File, Format Version 12.00
# Visual Studio Version 16
VisualStudioVersion = 16.0.30011.22
MinimumVisualStudioVersion = 10.0.40219.1
Project("{FAE04EC0-301F-11D3-BF4B-00C04F79EFBC}") = "XiaomiADBFastbootTools", "XiaomiADBFastbootTools.csproj", "{412188DC-5B7A-4FD2-9042-67FE7B661808}"
EndProject
Global
	GlobalSection(SolutionConfigurationPlatforms) = preSolution
		Debug|Any CPU = Debug|Any CPU
		Release|Any CPU = Release|Any CPU
	EndGlobalSection
	GlobalSection(ProjectConfigurationPlatforms) = postSolution
		{412188DC-5B7A-4FD2-9042-67FE7B661808}.Debug|Any CPU.ActiveCfg = Debug|Any CPU
		{412188DC-5B7A-4FD2-9042-67FE7B661808}.Debug|Any CPU.Build.0 = Debug|Any CPU
		{412188DC-5B7A-4FD2-9042-67FE7B661808}.Release|Any CPU.ActiveCfg = Release|Any CPU
		{412188DC-5B7A-4FD2-9042-67FE7B661808}.Release|Any CPU.Build.0 = Release|Any CPU
	EndGlobalSection
	GlobalSection(SolutionProperties) = preSolution
		HideSolutionNode = FALSE
	EndGlobalSection
	GlobalSection(ExtensibilityGlobals) = postSolution
		SolutionGuid = {A3BD435B-F4BE-4C83-938C-3F17FDDE67B7}
	EndGlobalSection
EndGlobal
