
Microsoft Visual Studio Solution File, Format Version 12.00
# Visual Studio Version 16
VisualStudioVersion = 16.0.30621.155
MinimumVisualStudioVersion = 10.0.40219.1
Project("{FAE04EC0-301F-11D3-BF4B-00C04F79EFBC}") = "Responsive Design", "Responsive Design.csproj", "{C77C4F50-2D06-4A39-AC8D-17AA4019DDFE}"
EndProject
Global
	GlobalSection(SolutionConfigurationPlatforms) = preSolution
		Debug|Any CPU = Debug|Any CPU
		Release|Any CPU = Release|Any CPU
	EndGlobalSection
	GlobalSection(ProjectConfigurationPlatforms) = postSolution
		{C77C4F50-2D06-4A39-AC8D-17AA4019DDFE}.Debug|Any CPU.ActiveCfg = Debug|Any CPU
		{C77C4F50-2D06-4A39-AC8D-17AA4019DDFE}.Debug|Any CPU.Build.0 = Debug|Any CPU
		{C77C4F50-2D06-4A39-AC8D-17AA4019DDFE}.Release|Any CPU.ActiveCfg = Release|Any CPU
		{C77C4F50-2D06-4A39-AC8D-17AA4019DDFE}.Release|Any CPU.Build.0 = Release|Any CPU
	EndGlobalSection
	GlobalSection(SolutionProperties) = preSolution
		HideSolutionNode = FALSE
	EndGlobalSection
	GlobalSection(ExtensibilityGlobals) = postSolution
		SolutionGuid = {C972DA63-8FCF-482D-9947-720B25532DBD}
	EndGlobalSection
EndGlobal
