
Microsoft Visual Studio Solution File, Format Version 11.00
# Visual Studio 2010
Project("{FAE04EC0-301F-11D3-BF4B-00C04F79EFBC}") = "trainees_Management_System", "trainees_Management_System\trainees_Management_System.csproj", "{9AA0DDA3-965F-453A-80AB-2462FE425BAC}"
EndProject
Project("{54435603-DBB4-11D2-8724-00A0C9A8B90C}") = "Military Training Management System", "Military Training Management System\Military Training Management System.vdproj", "{671341AE-AA68-44BF-951D-766BB0F4AB09}"
EndProject
Global
	GlobalSection(SolutionConfigurationPlatforms) = preSolution
		Debug|x86 = Debug|x86
		Release|x86 = Release|x86
	EndGlobalSection
	GlobalSection(ProjectConfigurationPlatforms) = postSolution
		{9AA0DDA3-965F-453A-80AB-2462FE425BAC}.Debug|x86.ActiveCfg = Debug|x86
		{9AA0DDA3-965F-453A-80AB-2462FE425BAC}.Debug|x86.Build.0 = Debug|x86
		{9AA0DDA3-965F-453A-80AB-2462FE425BAC}.Release|x86.ActiveCfg = Release|x86
		{9AA0DDA3-965F-453A-80AB-2462FE425BAC}.Release|x86.Build.0 = Release|x86
		{671341AE-AA68-44BF-951D-766BB0F4AB09}.Debug|x86.ActiveCfg = Debug
		{671341AE-AA68-44BF-951D-766BB0F4AB09}.Release|x86.ActiveCfg = Release
	EndGlobalSection
	GlobalSection(SolutionProperties) = preSolution
		HideSolutionNode = FALSE
	EndGlobalSection
EndGlobal
