
Microsoft Visual Studio Solution File, Format Version 12.00
# Visual Studio Version 16
VisualStudioVersion = 16.0.30204.135
MinimumVisualStudioVersion = 10.0.40219.1
Project("{FAE04EC0-301F-11D3-BF4B-00C04F79EFBC}") = "LoginFormAA", "LoginFormAA.csproj", "{D0CF2B33-2907-4C7D-B0E4-D825931840AA}"
EndProject
Global
	GlobalSection(SolutionConfigurationPlatforms) = preSolution
		Debug|Any CPU = Debug|Any CPU
		Release|Any CPU = Release|Any CPU
	EndGlobalSection
	GlobalSection(ProjectConfigurationPlatforms) = postSolution
		{D0CF2B33-2907-4C7D-B0E4-D825931840AA}.Debug|Any CPU.ActiveCfg = Debug|Any CPU
		{D0CF2B33-2907-4C7D-B0E4-D825931840AA}.Debug|Any CPU.Build.0 = Debug|Any CPU
		{D0CF2B33-2907-4C7D-B0E4-D825931840AA}.Release|Any CPU.ActiveCfg = Release|Any CPU
		{D0CF2B33-2907-4C7D-B0E4-D825931840AA}.Release|Any CPU.Build.0 = Release|Any CPU
	EndGlobalSection
	GlobalSection(SolutionProperties) = preSolution
		HideSolutionNode = FALSE
	EndGlobalSection
	GlobalSection(ExtensibilityGlobals) = postSolution
		SolutionGuid = {2732365C-6263-4953-ABF9-29B5A7A2C5A6}
	EndGlobalSection
EndGlobal
