
Microsoft Visual Studio Solution File, Format Version 12.00
# Visual Studio Version 16
VisualStudioVersion = 16.0.29911.84
MinimumVisualStudioVersion = 10.0.40219.1
Project("{FAE04EC0-301F-11D3-BF4B-00C04F79EFBC}") = "FbPrivateDownloader", "FbPrivateDownloader.csproj", "{1E10DB73-1E0D-4C45-9488-6111D8E87F05}"
EndProject
Global
	GlobalSection(SolutionConfigurationPlatforms) = preSolution
		Debug|Any CPU = Debug|Any CPU
		Release|Any CPU = Release|Any CPU
	EndGlobalSection
	GlobalSection(ProjectConfigurationPlatforms) = postSolution
		{1E10DB73-1E0D-4C45-9488-6111D8E87F05}.Debug|Any CPU.ActiveCfg = Debug|Any CPU
		{1E10DB73-1E0D-4C45-9488-6111D8E87F05}.Debug|Any CPU.Build.0 = Debug|Any CPU
		{1E10DB73-1E0D-4C45-9488-6111D8E87F05}.Release|Any CPU.ActiveCfg = Release|Any CPU
		{1E10DB73-1E0D-4C45-9488-6111D8E87F05}.Release|Any CPU.Build.0 = Release|Any CPU
	EndGlobalSection
	GlobalSection(SolutionProperties) = preSolution
		HideSolutionNode = FALSE
	EndGlobalSection
	GlobalSection(ExtensibilityGlobals) = postSolution
		SolutionGuid = {85AF65C4-AFE0-461D-83F5-CA13B50F9E07}
	EndGlobalSection
EndGlobal
