
Microsoft Visual Studio Solution File, Format Version 12.00
# Visual Studio Version 16
VisualStudioVersion = 16.0.30011.22
MinimumVisualStudioVersion = 10.0.40219.1
Project("{FAE04EC0-301F-11D3-BF4B-00C04F79EFBC}") = "Login", "Login.csproj", "{0293C1D8-9FFB-4D89-A324-88BE4775636C}"
EndProject
Global
	GlobalSection(SolutionConfigurationPlatforms) = preSolution
		Debug|Any CPU = Debug|Any CPU
		Release|Any CPU = Release|Any CPU
	EndGlobalSection
	GlobalSection(ProjectConfigurationPlatforms) = postSolution
		{0293C1D8-9FFB-4D89-A324-88BE4775636C}.Debug|Any CPU.ActiveCfg = Debug|Any CPU
		{0293C1D8-9FFB-4D89-A324-88BE4775636C}.Debug|Any CPU.Build.0 = Debug|Any CPU
		{0293C1D8-9FFB-4D89-A324-88BE4775636C}.Release|Any CPU.ActiveCfg = Release|Any CPU
		{0293C1D8-9FFB-4D89-A324-88BE4775636C}.Release|Any CPU.Build.0 = Release|Any CPU
	EndGlobalSection
	GlobalSection(SolutionProperties) = preSolution
		HideSolutionNode = FALSE
	EndGlobalSection
	GlobalSection(ExtensibilityGlobals) = postSolution
		SolutionGuid = {2A3B71E6-B0BA-4CA1-8F6B-6560C89D5AD3}
	EndGlobalSection
EndGlobal
