
Microsoft Visual Studio Solution File, Format Version 12.00
# Visual Studio Version 16
VisualStudioVersion = 16.0.30225.117
MinimumVisualStudioVersion = 10.0.40219.1
Project("{FAE04EC0-301F-11D3-BF4B-00C04F79EFBC}") = "Helo", "Helo.csproj", "{73F59B15-5E47-4FD1-8BC4-4AA09ADCE792}"
EndProject
Global
	GlobalSection(SolutionConfigurationPlatforms) = preSolution
		Debug|Any CPU = Debug|Any CPU
		Release|Any CPU = Release|Any CPU
	EndGlobalSection
	GlobalSection(ProjectConfigurationPlatforms) = postSolution
		{73F59B15-5E47-4FD1-8BC4-4AA09ADCE792}.Debug|Any CPU.ActiveCfg = Debug|Any CPU
		{73F59B15-5E47-4FD1-8BC4-4AA09ADCE792}.Debug|Any CPU.Build.0 = Debug|Any CPU
		{73F59B15-5E47-4FD1-8BC4-4AA09ADCE792}.Release|Any CPU.ActiveCfg = Release|Any CPU
		{73F59B15-5E47-4FD1-8BC4-4AA09ADCE792}.Release|Any CPU.Build.0 = Release|Any CPU
	EndGlobalSection
	GlobalSection(SolutionProperties) = preSolution
		HideSolutionNode = FALSE
	EndGlobalSection
	GlobalSection(ExtensibilityGlobals) = postSolution
		SolutionGuid = {13894454-AA1B-473F-96E5-A20978F36633}
	EndGlobalSection
EndGlobal
